// !$*UTF8*$!
{
	archiveVersion = 1;
	classes = {
	};
	objectVersion = 50;
	objects = {

/* Begin PBXBuildFile section */
		DBA87851225807A500378646 /* AppDelegate.swift in Sources */ = {isa = PBXBuildFile; fileRef = DBA87850225807A500378646 /* AppDelegate.swift */; };
		DBA87853225807A500378646 /* ViewController.swift in Sources */ = {isa = PBXBuildFile; fileRef = DBA87852225807A500378646 /* ViewController.swift */; };
		DBA87856225807A500378646 /* Main.storyboard in Resources */ = {isa = PBXBuildFile; fileRef = DBA87854225807A500378646 /* Main.storyboard */; };
		DBA87858225807A700378646 /* Assets.xcassets in Resources */ = {isa = PBXBuildFile; fileRef = DBA87857225807A700378646 /* Assets.xcassets */; };
		DBA8785B225807A700378646 /* LaunchScreen.storyboard in Resources */ = {isa = PBXBuildFile; fileRef = DBA87859225807A700378646 /* LaunchScreen.storyboard */; };
		DBA87866225807A700378646 /* length_convertTests.swift in Sources */ = {isa = PBXBuildFile; fileRef = DBA87865225807A700378646 /* length_convertTests.swift */; };
		DBA87871225807A700378646 /* length_convertUITests.swift in Sources */ = {isa = PBXBuildFile; fileRef = DBA87870225807A700378646 /* length_convertUITests.swift */; };
/* End PBXBuildFile section */

/* Begin PBXContainerItemProxy section */
		DBA87862225807A700378646 /* PBXContainerItemProxy */ = {
			isa = PBXContainerItemProxy;
			containerPortal = DBA87845225807A500378646 /* Project object */;
			proxyType = 1;
			remoteGlobalIDString = DBA8784C225807A500378646;
			remoteInfo = "length-convert";
		};
		DBA8786D225807A700378646 /* PBXContainerItemProxy */ = {
			isa = PBXContainerItemProxy;
			containerPortal = DBA87845225807A500378646 /* Project object */;
			proxyType = 1;
			remoteGlobalIDString = DBA8784C225807A500378646;
			remoteInfo = "length-convert";
		};
/* End PBXContainerItemProxy section */

/* Begin PBXFileReference section */
		DBA8784D225807A500378646 /* length-convert.app */ = {isa = PBXFileReference; explicitFileType = wrapper.application; includeInIndex = 0; path = "length-convert.app"; sourceTree = BUILT_PRODUCTS_DIR; };
		DBA87850225807A500378646 /* AppDelegate.swift */ = {isa = PBXFileReference; lastKnownFileType = sourcecode.swift; path = AppDelegate.swift; sourceTree = "<group>"; };
		DBA87852225807A500378646 /* ViewController.swift */ = {isa = PBXFileReference; lastKnownFileType = sourcecode.swift; path = ViewController.swift; sourceTree = "<group>"; };
		DBA87855225807A500378646 /* Base */ = {isa = PBXFileReference; lastKnownFileType = file.storyboard; name = Base; path = Base.lproj/Main.storyboard; sourceTree = "<group>"; };
		DBA87857225807A700378646 /* Assets.xcassets */ = {isa = PBXFileReference; lastKnownFileType = folder.assetcatalog; path = Assets.xcassets; sourceTree = "<group>"; };
		DBA8785A225807A700378646 /* Base */ = {isa = PBXFileReference; lastKnownFileType = file.storyboard; name = Base; path = Base.lproj/LaunchScreen.storyboard; sourceTree = "<group>"; };
		DBA8785C225807A700378646 /* Info.plist */ = {isa = PBXFileReference; lastKnownFileType = text.plist.xml; path = Info.plist; sourceTree = "<group>"; };
		DBA87861225807A700378646 /* length-convertTests.xctest */ = {isa = PBXFileReference; explicitFileType = wrapper.cfbundle; includeInIndex = 0; path = "length-convertTests.xctest"; sourceTree = BUILT_PRODUCTS_DIR; };
		DBA87865225807A700378646 /* length_convertTests.swift */ = {isa = PBXFileReference; lastKnownFileType = sourcecode.swift; path = length_convertTests.swift; sourceTree = "<group>"; };
		DBA87867225807A700378646 /* Info.plist */ = {isa = PBXFileReference; lastKnownFileType = text.plist.xml; path = Info.plist; sourceTree = "<group>"; };
		DBA8786C225807A700378646 /* length-convertUITests.xctest */ = {isa = PBXFileReference; explicitFileType = wrapper.cfbundle; includeInIndex = 0; path = "length-convertUITests.xctest"; sourceTree = BUILT_PRODUCTS_DIR; };
		DBA87870225807A700378646 /* length_convertUITests.swift */ = {isa = PBXFileReference; lastKnownFileType = sourcecode.swift; path = length_convertUITests.swift; sourceTree = "<group>"; };
		DBA87872225807A700378646 /* Info.plist */ = {isa = PBXFileReference; lastKnownFileType = text.plist.xml; path = Info.plist; sourceTree = "<group>"; };
/* End PBXFileReference section */

/* Begin PBXFrameworksBuildPhase section */
		DBA8784A225807A500378646 /* Frameworks */ = {
			isa = PBXFrameworksBuildPhase;
			buildActionMask = 2147483647;
			files = (
			);
			runOnlyForDeploymentPostprocessing = 0;
		};
		DBA8785E225807A700378646 /* Frameworks */ = {
			isa = PBXFrameworksBuildPhase;
			buildActionMask = 2147483647;
			files = (
			);
			runOnlyForDeploymentPostprocessing = 0;
		};
		DBA87869225807A700378646 /* Frameworks */ = {
			isa = PBXFrameworksBuildPhase;
			buildActionMask = 2147483647;
			files = (
			);
			runOnlyForDeploymentPostprocessing = 0;
		};
/* End PBXFrameworksBuildPhase section */

/* Begin PBXGroup section */
		DBA87844225807A500378646 = {
			isa = PBXGroup;
			children = (
				DBA8784F225807A500378646 /* length-convert */,
				DBA87864225807A700378646 /* length-convertTests */,
				DBA8786F225807A700378646 /* length-convertUITests */,
				DBA8784E225807A500378646 /* Products */,
			);
			sourceTree = "<group>";
		};
		DBA8784E225807A500378646 /* Products */ = {
			isa = PBXGroup;
			children = (
				DBA8784D225807A500378646 /* length-convert.app */,
				DBA87861225807A700378646 /* length-convertTests.xctest */,
				DBA8786C225807A700378646 /* length-convertUITests.xctest */,
			);
			name = Products;
			sourceTree = "<group>";
		};
		DBA8784F225807A500378646 /* length-convert */ = {
			isa = PBXGroup;
			children = (
				DBA87850225807A500378646 /* AppDelegate.swift */,
				DBA87852225807A500378646 /* ViewController.swift */,
				DBA87854225807A500378646 /* Main.storyboard */,
				DBA87857225807A700378646 /* Assets.xcassets */,
				DBA87859225807A700378646 /* LaunchScreen.storyboard */,
				DBA8785C225807A700378646 /* Info.plist */,
			);
			path = "length-convert";
			sourceTree = "<group>";
		};
		DBA87864225807A700378646 /* length-convertTests */ = {
			isa = PBXGroup;
			children = (
				DBA87865225807A700378646 /* length_convertTests.swift */,
				DBA87867225807A700378646 /* Info.plist */,
			);
			path = "length-convertTests";
			sourceTree = "<group>";
		};
		DBA8786F225807A700378646 /* length-convertUITests */ = {
			isa = PBXGroup;
			children = (
				DBA87870225807A700378646 /* length_convertUITests.swift */,
				DBA87872225807A700378646 /* Info.plist */,
			);
			path = "length-convertUITests";
			sourceTree = "<group>";
		};
/* End PBXGroup section */

/* Begin PBXNativeTarget section */
		DBA8784C225807A500378646 /* length-convert */ = {
			isa = PBXNativeTarget;
			buildConfigurationList = DBA87875225807A700378646 /* Build configuration list for PBXNativeTarget "length-convert" */;
			buildPhases = (
				DBA87849225807A500378646 /* Sources */,
				DBA8784A225807A500378646 /* Frameworks */,
				DBA8784B225807A500378646 /* Resources */,
			);
			buildRules = (
			);
			dependencies = (
			);
			name = "length-convert";
			productName = "length-convert";
			productReference = DBA8784D225807A500378646 /* length-convert.app */;
			productType = "com.apple.product-type.application";
		};
		DBA87860225807A700378646 /* length-convertTests */ = {
			isa = PBXNativeTarget;
			buildConfigurationList = DBA87878225807A700378646 /* Build configuration list for PBXNativeTarget "length-convertTests" */;
			buildPhases = (
				DBA8785D225807A700378646 /* Sources */,
				DBA8785E225807A700378646 /* Frameworks */,
				DBA8785F225807A700378646 /* Resources */,
			);
			buildRules = (
			);
			dependencies = (
				DBA87863225807A700378646 /* PBXTargetDependency */,
			);
			name = "length-convertTests";
			productName = "length-convertTests";
			productReference = DBA87861225807A700378646 /* length-convertTests.xctest */;
			productType = "com.apple.product-type.bundle.unit-test";
		};
		DBA8786B225807A700378646 /* length-convertUITests */ = {
			isa = PBXNativeTarget;
			buildConfigurationList = DBA8787B225807A700378646 /* Build configuration list for PBXNativeTarget "length-convertUITests" */;
			buildPhases = (
				DBA87868225807A700378646 /* Sources */,
				DBA87869225807A700378646 /* Frameworks */,
				DBA8786A225807A700378646 /* Resources */,
			);
			buildRules = (
			);
			dependencies = (
				DBA8786E225807A700378646 /* PBXTargetDependency */,
			);
			name = "length-convertUITests";
			productName = "length-convertUITests";
			productReference = DBA8786C225807A700378646 /* length-convertUITests.xctest */;
			productType = "com.apple.product-type.bundle.ui-testing";
		};
/* End PBXNativeTarget section */

/* Begin PBXProject section */
		DBA87845225807A500378646 /* Project object */ = {
			isa = PBXProject;
			attributes = {
				LastSwiftUpdateCheck = 1010;
				LastUpgradeCheck = 1010;
				ORGANIZATIONNAME = "WEN YANG";
				TargetAttributes = {
					DBA8784C225807A500378646 = {
						CreatedOnToolsVersion = 10.1;
					};
					DBA87860225807A700378646 = {
						CreatedOnToolsVersion = 10.1;
						TestTargetID = DBA8784C225807A500378646;
					};
					DBA8786B225807A700378646 = {
						CreatedOnToolsVersion = 10.1;
						TestTargetID = DBA8784C225807A500378646;
					};
				};
			};
			buildConfigurationList = DBA87848225807A500378646 /* Build configuration list for PBXProject "length-convert" */;
			compatibilityVersion = "Xcode 9.3";
			developmentRegion = en;
			hasScannedForEncodings = 0;
			knownRegions = (
				en,
				Base,
			);
			mainGroup = DBA87844225807A500378646;
			productRefGroup = DBA8784E225807A500378646 /* Products */;
			projectDirPath = "";
			projectRoot = "";
			targets = (
				DBA8784C225807A500378646 /* length-convert */,
				DBA87860225807A700378646 /* length-convertTests */,
				DBA8786B225807A700378646 /* length-convertUITests */,
			);
		};
/* End PBXProject section */

/* Begin PBXResourcesBuildPhase section */
		DBA8784B225807A500378646 /* Resources */ = {
			isa = PBXResourcesBuildPhase;
			buildActionMask = 2147483647;
			files = (
				DBA8785B225807A700378646 /* LaunchScreen.storyboard in Resources */,
				DBA87858225807A700378646 /* Assets.xcassets in Resources */,
				DBA87856225807A500378646 /* Main.storyboard in Resources */,
			);
			runOnlyForDeploymentPostprocessing = 0;
		};
		DBA8785F225807A700378646 /* Resources */ = {
			isa = PBXResourcesBuildPhase;
			buildActionMask = 2147483647;
			files = (
			);
			runOnlyForDeploymentPostprocessing = 0;
		};
		DBA8786A225807A700378646 /* Resources */ = {
			isa = PBXResourcesBuildPhase;
			buildActionMask = 2147483647;
			files = (
			);
			runOnlyForDeploymentPostprocessing = 0;
		};
/* End PBXResourcesBuildPhase section */

/* Begin PBXSourcesBuildPhase section */
		DBA87849225807A500378646 /* Sources */ = {
			isa = PBXSourcesBuildPhase;
			buildActionMask = 2147483647;
			files = (
				DBA87853225807A500378646 /* ViewController.swift in Sources */,
				DBA87851225807A500378646 /* AppDelegate.swift in Sources */,
			);
			runOnlyForDeploymentPostprocessing = 0;
		};
		DBA8785D225807A700378646 /* Sources */ = {
			isa = PBXSourcesBuildPhase;
			buildActionMask = 2147483647;
			files = (
				DBA87866225807A700378646 /* length_convertTests.swift in Sources */,
			);
			runOnlyForDeploymentPostprocessing = 0;
		};
		DBA87868225807A700378646 /* Sources */ = {
			isa = PBXSourcesBuildPhase;
			buildActionMask = 2147483647;
			files = (
				DBA87871225807A700378646 /* length_convertUITests.swift in Sources */,
			);
			runOnlyForDeploymentPostprocessing = 0;
		};
/* End PBXSourcesBuildPhase section */

/* Begin PBXTargetDependency section */
		DBA87863225807A700378646 /* PBXTargetDependency */ = {
			isa = PBXTargetDependency;
			target = DBA8784C225807A500378646 /* length-convert */;
			targetProxy = DBA87862225807A700378646 /* PBXContainerItemProxy */;
		};
		DBA8786E225807A700378646 /* PBXTargetDependency */ = {
			isa = PBXTargetDependency;
			target = DBA8784C225807A500378646 /* length-convert */;
			targetProxy = DBA8786D225807A700378646 /* PBXContainerItemProxy */;
		};
/* End PBXTargetDependency section */

/* Begin PBXVariantGroup section */
		DBA87854225807A500378646 /* Main.storyboard */ = {
			isa = PBXVariantGroup;
			children = (
				DBA87855225807A500378646 /* Base */,
			);
			name = Main.storyboard;
			sourceTree = "<group>";
		};
		DBA87859225807A700378646 /* LaunchScreen.storyboard */ = {
			isa = PBXVariantGroup;
			children = (
				DBA8785A225807A700378646 /* Base */,
			);
			name = LaunchScreen.storyboard;
			sourceTree = "<group>";
		};
/* End PBXVariantGroup section */

/* Begin XCBuildConfiguration section */
		DBA87873225807A700378646 /* Debug */ = {
			isa = XCBuildConfiguration;
			buildSettings = {
				ALWAYS_SEARCH_USER_PATHS = NO;
				CLANG_ANALYZER_NONNULL = YES;
				CLANG_ANALYZER_NUMBER_OBJECT_CONVERSION = YES_AGGRESSIVE;
				CLANG_CXX_LANGUAGE_STANDARD = "gnu++14";
				CLANG_CXX_LIBRARY = "libc++";
				CLANG_ENABLE_MODULES = YES;
				CLANG_ENABLE_OBJC_ARC = YES;
				CLANG_ENABLE_OBJC_WEAK = YES;
				CLANG_WARN_BLOCK_CAPTURE_AUTORELEASING = YES;
				CLANG_WARN_BOOL_CONVERSION = YES;
				CLANG_WARN_COMMA = YES;
				CLANG_WARN_CONSTANT_CONVERSION = YES;
				CLANG_WARN_DEPRECATED_OBJC_IMPLEMENTATIONS = YES;
				CLANG_WARN_DIRECT_OBJC_ISA_USAGE = YES_ERROR;
				CLANG_WARN_DOCUMENTATION_COMMENTS = YES;
				CLANG_WARN_EMPTY_BODY = YES;
				CLANG_WARN_ENUM_CONVERSION = YES;
				CLANG_WARN_INFINITE_RECURSION = YES;
				CLANG_WARN_INT_CONVERSION = YES;
				CLANG_WARN_NON_LITERAL_NULL_CONVERSION = YES;
				CLANG_WARN_OBJC_IMPLICIT_RETAIN_SELF = YES;
				CLANG_WARN_OBJC_LITERAL_CONVERSION = YES;
				CLANG_WARN_OBJC_ROOT_CLASS = YES_ERROR;
				CLANG_WARN_RANGE_LOOP_ANALYSIS = YES;
				CLANG_WARN_STRICT_PROTOTYPES = YES;
				CLANG_WARN_SUSPICIOUS_MOVE = YES;
				CLANG_WARN_UNGUARDED_AVAILABILITY = YES_AGGRESSIVE;
				CLANG_WARN_UNREACHABLE_CODE = YES;
				CLANG_WARN__DUPLICATE_METHOD_MATCH = YES;
				CODE_SIGN_IDENTITY = "iPhone Developer";
				COPY_PHASE_STRIP = NO;
				DEBUG_INFORMATION_FORMAT = dwarf;
				ENABLE_STRICT_OBJC_MSGSEND = YES;
				ENABLE_TESTABILITY = YES;
				GCC_C_LANGUAGE_STANDARD = gnu11;
				GCC_DYNAMIC_NO_PIC = NO;
				GCC_NO_COMMON_BLOCKS = YES;
				GCC_OPTIMIZATION_LEVEL = 0;
				GCC_PREPROCESSOR_DEFINITIONS = (
					"DEBUG=1",
					"$(inherited)",
				);
				GCC_WARN_64_TO_32_BIT_CONVERSION = YES;
				GCC_WARN_ABOUT_RETURN_TYPE = YES_ERROR;
				GCC_WARN_UNDECLARED_SELECTOR = YES;
				GCC_WARN_UNINITIALIZED_AUTOS = YES_AGGRESSIVE;
				GCC_WARN_UNUSED_FUNCTION = YES;
				GCC_WARN_UNUSED_VARIABLE = YES;
				IPHONEOS_DEPLOYMENT_TARGET = 12.1;
				MTL_ENABLE_DEBUG_INFO = INCLUDE_SOURCE;
				MTL_FAST_MATH = YES;
				ONLY_ACTIVE_ARCH = YES;
				SDKROOT = iphoneos;
				SWIFT_ACTIVE_COMPILATION_CONDITIONS = DEBUG;
				SWIFT_OPTIMIZATION_LEVEL = "-Onone";
			};
			name = Debug;
		};
		DBA87874225807A700378646 /* Release */ = {
			isa = XCBuildConfiguration;
			buildSettings = {
				ALWAYS_SEARCH_USER_PATHS = NO;
				CLANG_ANALYZER_NONNULL = YES;
				CLANG_ANALYZER_NUMBER_OBJECT_CONVERSION = YES_AGGRESSIVE;
				CLANG_CXX_LANGUAGE_STANDARD = "gnu++14";
				CLANG_CXX_LIBRARY = "libc++";
				CLANG_ENABLE_MODULES = YES;
				CLANG_ENABLE_OBJC_ARC = YES;
				CLANG_ENABLE_OBJC_WEAK = YES;
				CLANG_WARN_BLOCK_CAPTURE_AUTORELEASING = YES;
				CLANG_WARN_BOOL_CONVERSION = YES;
				CLANG_WARN_COMMA = YES;
				CLANG_WARN_CONSTANT_CONVERSION = YES;
				CLANG_WARN_DEPRECATED_OBJC_IMPLEMENTATIONS = YES;
				CLANG_WARN_DIRECT_OBJC_ISA_USAGE = YES_ERROR;
				CLANG_WARN_DOCUMENTATION_COMMENTS = YES;
				CLANG_WARN_EMPTY_BODY = YES;
				CLANG_WARN_ENUM_CONVERSION = YES;
				CLANG_WARN_INFINITE_RECURSION = YES;
				CLANG_WARN_INT_CONVERSION = YES;
				CLANG_WARN_NON_LITERAL_NULL_CONVERSION = YES;
				CLANG_WARN_OBJC_IMPLICIT_RETAIN_SELF = YES;
				CLANG_WARN_OBJC_LITERAL_CONVERSION = YES;
				CLANG_WARN_OBJC_ROOT_CLASS = YES_ERROR;
				CLANG_WARN_RANGE_LOOP_ANALYSIS = YES;
				CLANG_WARN_STRICT_PROTOTYPES = YES;
				CLANG_WARN_SUSPICIOUS_MOVE = YES;
				CLANG_WARN_UNGUARDED_AVAILABILITY = YES_AGGRESSIVE;
				CLANG_WARN_UNREACHABLE_CODE = YES;
				CLANG_WARN__DUPLICATE_METHOD_MATCH = YES;
				CODE_SIGN_IDENTITY = "iPhone Developer";
				COPY_PHASE_STRIP = NO;
				DEBUG_INFORMATION_FORMAT = "dwarf-with-dsym";
				ENABLE_NS_ASSERTIONS = NO;
				ENABLE_STRICT_OBJC_MSGSEND = YES;
				GCC_C_LANGUAGE_STANDARD = gnu11;
				GCC_NO_COMMON_BLOCKS = YES;
				GCC_WARN_64_TO_32_BIT_CONVERSION = YES;
				GCC_WARN_ABOUT_RETURN_TYPE = YES_ERROR;
				GCC_WARN_UNDECLARED_SELECTOR = YES;
				GCC_WARN_UNINITIALIZED_AUTOS = YES_AGGRESSIVE;
				GCC_WARN_UNUSED_FUNCTION = YES;
				GCC_WARN_UNUSED_VARIABLE = YES;
				IPHONEOS_DEPLOYMENT_TARGET = 12.1;
				MTL_ENABLE_DEBUG_INFO = NO;
				MTL_FAST_MATH = YES;
				SDKROOT = iphoneos;
				SWIFT_COMPILATION_MODE = wholemodule;
				SWIFT_OPTIMIZATION_LEVEL = "-O";
				VALIDATE_PRODUCT = YES;
			};
			name = Release;
		};
		DBA87876225807A700378646 /* Debug */ = {
			isa = XCBuildConfiguration;
			buildSettings = {
				ASSETCATALOG_COMPILER_APPICON_NAME = AppIcon;
				CODE_SIGN_STYLE = Automatic;
				INFOPLIST_FILE = "length-convert/Info.plist";
				LD_RUNPATH_SEARCH_PATHS = (
					"$(inherited)",
					"@executable_path/Frameworks",
				);
				PRODUCT_BUNDLE_IDENTIFIER = "com.wyang.length-convert";
				PRODUCT_NAME = "$(TARGET_NAME)";
				SWIFT_VERSION = 4.2;
				TARGETED_DEVICE_FAMILY = "1,2";
			};
			name = Debug;
		};
		DBA87877225807A700378646 /* Release */ = {
			isa = XCBuildConfiguration;
			buildSettings = {
				ASSETCATALOG_COMPILER_APPICON_NAME = AppIcon;
				CODE_SIGN_STYLE = Automatic;
				INFOPLIST_FILE = "length-convert/Info.plist";
				LD_RUNPATH_SEARCH_PATHS = (
					"$(inherited)",
					"@executable_path/Frameworks",
				);
				PRODUCT_BUNDLE_IDENTIFIER = "com.wyang.length-convert";
				PRODUCT_NAME = "$(TARGET_NAME)";
				SWIFT_VERSION = 4.2;
				TARGETED_DEVICE_FAMILY = "1,2";
			};
			name = Release;
		};
		DBA87879225807A700378646 /* Debug */ = {
			isa = XCBuildConfiguration;
			buildSettings = {
				ALWAYS_EMBED_SWIFT_STANDARD_LIBRARIES = YES;
				BUNDLE_LOADER = "$(TEST_HOST)";
				CODE_SIGN_STYLE = Automatic;
				INFOPLIST_FILE = "length-convertTests/Info.plist";
				LD_RUNPATH_SEARCH_PATHS = (
					"$(inherited)",
					"@executable_path/Frameworks",
					"@loader_path/Frameworks",
				);
				PRODUCT_BUNDLE_IDENTIFIER = "com.wyang.length-convertTests";
				PRODUCT_NAME = "$(TARGET_NAME)";
				SWIFT_VERSION = 4.2;
				TARGETED_DEVICE_FAMILY = "1,2";
				TEST_HOST = "$(BUILT_PRODUCTS_DIR)/length-convert.app/length-convert";
			};
			name = Debug;
		};
		DBA8787A225807A700378646 /* Release */ = {
			isa = XCBuildConfiguration;
			buildSettings = {
				ALWAYS_EMBED_SWIFT_STANDARD_LIBRARIES = YES;
				BUNDLE_LOADER = "$(TEST_HOST)";
				CODE_SIGN_STYLE = Automatic;
				INFOPLIST_FILE = "length-convertTests/Info.plist";
				LD_RUNPATH_SEARCH_PATHS = (
					"$(inherited)",
					"@executable_path/Frameworks",
					"@loader_path/Frameworks",
				);
				PRODUCT_BUNDLE_IDENTIFIER = "com.wyang.length-convertTests";
				PRODUCT_NAME = "$(TARGET_NAME)";
				SWIFT_VERSION = 4.2;
				TARGETED_DEVICE_FAMILY = "1,2";
				TEST_HOST = "$(BUILT_PRODUCTS_DIR)/length-convert.app/length-convert";
			};
			name = Release;
		};
		DBA8787C225807A700378646 /* Debug */ = {
			isa = XCBuildConfiguration;
			buildSettings = {
				ALWAYS_EMBED_SWIFT_STANDARD_LIBRARIES = YES;
				CODE_SIGN_STYLE = Automatic;
				INFOPLIST_FILE = "length-convertUITests/Info.plist";
				LD_RUNPATH_SEARCH_PATHS = (
					"$(inherited)",
					"@executable_path/Frameworks",
					"@loader_path/Frameworks",
				);
				PRODUCT_BUNDLE_IDENTIFIER = "com.wyang.length-convertUITests";
				PRODUCT_NAME = "$(TARGET_NAME)";
				SWIFT_VERSION = 4.2;
				TARGETED_DEVICE_FAMILY = "1,2";
				TEST_TARGET_NAME = "length-convert";
			};
			name = Debug;
		};
		DBA8787D225807A700378646 /* Release */ = {
			isa = XCBuildConfiguration;
			buildSettings = {
				ALWAYS_EMBED_SWIFT_STANDARD_LIBRARIES = YES;
				CODE_SIGN_STYLE = Automatic;
				INFOPLIST_FILE = "length-convertUITests/Info.plist";
				LD_RUNPATH_SEARCH_PATHS = (
					"$(inherited)",
					"@executable_path/Frameworks",
					"@loader_path/Frameworks",
				);
				PRODUCT_BUNDLE_IDENTIFIER = "com.wyang.length-convertUITests";
				PRODUCT_NAME = "$(TARGET_NAME)";
				SWIFT_VERSION = 4.2;
				TARGETED_DEVICE_FAMILY = "1,2";
				TEST_TARGET_NAME = "length-convert";
			};
			name = Release;
		};
/* End XCBuildConfiguration section */

/* Begin XCConfigurationList section */
		DBA87848225807A500378646 /* Build configuration list for PBXProject "length-convert" */ = {
			isa = XCConfigurationList;
			buildConfigurations = (
				DBA87873225807A700378646 /* Debug */,
				DBA87874225807A700378646 /* Release */,
			);
			defaultConfigurationIsVisible = 0;
			defaultConfigurationName = Release;
		};
		DBA87875225807A700378646 /* Build configuration list for PBXNativeTarget "length-convert" */ = {
			isa = XCConfigurationList;
			buildConfigurations = (
				DBA87876225807A700378646 /* Debug */,
				DBA87877225807A700378646 /* Release */,
			);
			defaultConfigurationIsVisible = 0;
			defaultConfigurationName = Release;
		};
		DBA87878225807A700378646 /* Build configuration list for PBXNativeTarget "length-convertTests" */ = {
			isa = XCConfigurationList;
			buildConfigurations = (
				DBA87879225807A700378646 /* Debug */,
				DBA8787A225807A700378646 /* Release */,
			);
			defaultConfigurationIsVisible = 0;
			defaultConfigurationName = Release;
		};
		DBA8787B225807A700378646 /* Build configuration list for PBXNativeTarget "length-convertUITests" */ = {
			isa = XCConfigurationList;
			buildConfigurations = (
				DBA8787C225807A700378646 /* Debug */,
				DBA8787D225807A700378646 /* Release */,
			);
			defaultConfigurationIsVisible = 0;
			defaultConfigurationName = Release;
		};
/* End XCConfigurationList section */
	};
	rootObject = DBA87845225807A500378646 /* Project object */;
}
